
Microsoft Visual Studio Solution File, Format Version 12.00
# Visual Studio Version 17
VisualStudioVersion = 17.14.36301.6 d17.14
MinimumVisualStudioVersion = 10.0.40219.1
Project("{FAE04EC0-301F-11D3-BF4B-00C04F79EFBC}") = "WebApplication1", "WebApplication1.csproj", "{E12FC43C-9405-4910-A36A-28812439179B}"
EndProject
Global
	GlobalSection(SolutionConfigurationPlatforms) = preSolution
		Debug|Any CPU = Debug|Any CPU
		Release|Any CPU = Release|Any CPU
	EndGlobalSection
	GlobalSection(ProjectConfigurationPlatforms) = postSolution
		{E12FC43C-9405-4910-A36A-28812439179B}.Debug|Any CPU.ActiveCfg = Debug|Any CPU
		{E12FC43C-9405-4910-A36A-28812439179B}.Debug|Any CPU.Build.0 = Debug|Any CPU
		{E12FC43C-9405-4910-A36A-28812439179B}.Release|Any CPU.ActiveCfg = Release|Any CPU
		{E12FC43C-9405-4910-A36A-28812439179B}.Release|Any CPU.Build.0 = Release|Any CPU
	EndGlobalSection
	GlobalSection(SolutionProperties) = preSolution
		HideSolutionNode = FALSE
	EndGlobalSection
	GlobalSection(ExtensibilityGlobals) = postSolution
		SolutionGuid = {5A61A49D-EA12-4CA7-8BCE-BA81BA902473}
	EndGlobalSection
EndGlobal
